// !$*UTF8*$!
{
	archiveVersion = 1;
	classes = {
	};
	objectVersion = 50;
	objects = {

/* Begin PBXBuildFile section */
		FC4DFF9E253362BF008297E2 /* ColorHelper.swift in Sources */ = {isa = PBXBuildFile; fileRef = FC4DFF9D253362BF008297E2 /* ColorHelper.swift */; };
		FC4DFFA1253364C6008297E2 /* ChatUITextField.swift in Sources */ = {isa = PBXBuildFile; fileRef = FC4DFFA0253364C6008297E2 /* ChatUITextField.swift */; };
		FC4DFFA425336935008297E2 /* UIViewController.swift in Sources */ = {isa = PBXBuildFile; fileRef = FC4DFFA325336935008297E2 /* UIViewController.swift */; };
		FC4DFFA6253376BE008297E2 /* UIRoundedBlueButton.swift in Sources */ = {isa = PBXBuildFile; fileRef = FC4DFFA5253376BE008297E2 /* UIRoundedBlueButton.swift */; };
		FC7A3A8D25318AD7003AA935 /* AppDelegate.swift in Sources */ = {isa = PBXBuildFile; fileRef = FC7A3A8C25318AD7003AA935 /* AppDelegate.swift */; };
		FC7A3A8F25318AD7003AA935 /* SceneDelegate.swift in Sources */ = {isa = PBXBuildFile; fileRef = FC7A3A8E25318AD7003AA935 /* SceneDelegate.swift */; };
		FC7A3A9125318AD7003AA935 /* ViewController.swift in Sources */ = {isa = PBXBuildFile; fileRef = FC7A3A9025318AD7003AA935 /* ViewController.swift */; };
		FC7A3A9425318AD7003AA935 /* Main.storyboard in Resources */ = {isa = PBXBuildFile; fileRef = FC7A3A9225318AD7003AA935 /* Main.storyboard */; };
		FC7A3A9625318AD8003AA935 /* Assets.xcassets in Resources */ = {isa = PBXBuildFile; fileRef = FC7A3A9525318AD8003AA935 /* Assets.xcassets */; };
		FC7A3A9925318AD8003AA935 /* LaunchScreen.storyboard in Resources */ = {isa = PBXBuildFile; fileRef = FC7A3A9725318AD8003AA935 /* LaunchScreen.storyboard */; };
		FC7A3AA325318C6B003AA935 /* LoginViewController.swift in Sources */ = {isa = PBXBuildFile; fileRef = FC7A3AA225318C6B003AA935 /* LoginViewController.swift */; };
		FC7A3AA52531963E003AA935 /* FriendsViewController.swift in Sources */ = {isa = PBXBuildFile; fileRef = FC7A3AA42531963E003AA935 /* FriendsViewController.swift */; };
/* End PBXBuildFile section */

/* Begin PBXFileReference section */
		FC4DFF9D253362BF008297E2 /* ColorHelper.swift */ = {isa = PBXFileReference; lastKnownFileType = sourcecode.swift; path = ColorHelper.swift; sourceTree = "<group>"; };
		FC4DFFA0253364C6008297E2 /* ChatUITextField.swift */ = {isa = PBXFileReference; lastKnownFileType = sourcecode.swift; path = ChatUITextField.swift; sourceTree = "<group>"; };
		FC4DFFA325336935008297E2 /* UIViewController.swift */ = {isa = PBXFileReference; lastKnownFileType = sourcecode.swift; path = UIViewController.swift; sourceTree = "<group>"; };
		FC4DFFA5253376BE008297E2 /* UIRoundedBlueButton.swift */ = {isa = PBXFileReference; lastKnownFileType = sourcecode.swift; path = UIRoundedBlueButton.swift; sourceTree = "<group>"; };
		FC7A3A8925318AD7003AA935 /* Chat App.app */ = {isa = PBXFileReference; explicitFileType = wrapper.application; includeInIndex = 0; path = "Chat App.app"; sourceTree = BUILT_PRODUCTS_DIR; };
		FC7A3A8C25318AD7003AA935 /* AppDelegate.swift */ = {isa = PBXFileReference; lastKnownFileType = sourcecode.swift; path = AppDelegate.swift; sourceTree = "<group>"; };
		FC7A3A8E25318AD7003AA935 /* SceneDelegate.swift */ = {isa = PBXFileReference; lastKnownFileType = sourcecode.swift; path = SceneDelegate.swift; sourceTree = "<group>"; };
		FC7A3A9025318AD7003AA935 /* ViewController.swift */ = {isa = PBXFileReference; lastKnownFileType = sourcecode.swift; path = ViewController.swift; sourceTree = "<group>"; };
		FC7A3A9325318AD7003AA935 /* Base */ = {isa = PBXFileReference; lastKnownFileType = file.storyboard; name = Base; path = Base.lproj/Main.storyboard; sourceTree = "<group>"; };
		FC7A3A9525318AD8003AA935 /* Assets.xcassets */ = {isa = PBXFileReference; lastKnownFileType = folder.assetcatalog; path = Assets.xcassets; sourceTree = "<group>"; };
		FC7A3A9825318AD8003AA935 /* Base */ = {isa = PBXFileReference; lastKnownFileType = file.storyboard; name = Base; path = Base.lproj/LaunchScreen.storyboard; sourceTree = "<group>"; };
		FC7A3A9A25318AD8003AA935 /* Info.plist */ = {isa = PBXFileReference; lastKnownFileType = text.plist.xml; path = Info.plist; sourceTree = "<group>"; };
		FC7A3AA225318C6B003AA935 /* LoginViewController.swift */ = {isa = PBXFileReference; lastKnownFileType = sourcecode.swift; path = LoginViewController.swift; sourceTree = "<group>"; };
		FC7A3AA42531963E003AA935 /* FriendsViewController.swift */ = {isa = PBXFileReference; lastKnownFileType = sourcecode.swift; path = FriendsViewController.swift; sourceTree = "<group>"; };
/* End PBXFileReference section */

/* Begin PBXFrameworksBuildPhase section */
		FC7A3A8625318AD7003AA935 /* Frameworks */ = {
			isa = PBXFrameworksBuildPhase;
			buildActionMask = 2147483647;
			files = (
			);
			runOnlyForDeploymentPostprocessing = 0;
		};
/* End PBXFrameworksBuildPhase section */

/* Begin PBXGroup section */
		FC4DFF982533621F008297E2 /* customControls */ = {
			isa = PBXGroup;
			children = (
				FC4DFFA0253364C6008297E2 /* ChatUITextField.swift */,
				FC4DFFA5253376BE008297E2 /* UIRoundedBlueButton.swift */,
			);
			path = customControls;
			sourceTree = "<group>";
		};
		FC4DFF9C25336293008297E2 /* helpers */ = {
			isa = PBXGroup;
			children = (
				FC4DFF9D253362BF008297E2 /* ColorHelper.swift */,
			);
			path = helpers;
			sourceTree = "<group>";
		};
		FC4DFFA225336925008297E2 /* extensions */ = {
			isa = PBXGroup;
			children = (
				FC4DFFA325336935008297E2 /* UIViewController.swift */,
			);
			path = extensions;
			sourceTree = "<group>";
		};
		FC7A3A8025318AD7003AA935 = {
			isa = PBXGroup;
			children = (
				FC7A3A8B25318AD7003AA935 /* Chat App */,
				FC7A3A8A25318AD7003AA935 /* Products */,
			);
			sourceTree = "<group>";
		};
		FC7A3A8A25318AD7003AA935 /* Products */ = {
			isa = PBXGroup;
			children = (
				FC7A3A8925318AD7003AA935 /* Chat App.app */,
			);
			name = Products;
			sourceTree = "<group>";
		};
		FC7A3A8B25318AD7003AA935 /* Chat App */ = {
			isa = PBXGroup;
			children = (
				FC4DFFA225336925008297E2 /* extensions */,
				FC4DFF9C25336293008297E2 /* helpers */,
				FC4DFF982533621F008297E2 /* customControls */,
				FC7A3AA025318C3E003AA935 /* features */,
				FC7A3A8C25318AD7003AA935 /* AppDelegate.swift */,
				FC7A3A8E25318AD7003AA935 /* SceneDelegate.swift */,
				FC7A3A9025318AD7003AA935 /* ViewController.swift */,
				FC7A3A9225318AD7003AA935 /* Main.storyboard */,
				FC7A3A9525318AD8003AA935 /* Assets.xcassets */,
				FC7A3A9725318AD8003AA935 /* LaunchScreen.storyboard */,
				FC7A3A9A25318AD8003AA935 /* Info.plist */,
			);
			path = "Chat App";
			sourceTree = "<group>";
		};
		FC7A3AA025318C3E003AA935 /* features */ = {
			isa = PBXGroup;
			children = (
				FC7A3AA625319653003AA935 /* friends */,
				FC7A3AA125318C45003AA935 /* login */,
			);
			path = features;
			sourceTree = "<group>";
		};
		FC7A3AA125318C45003AA935 /* login */ = {
			isa = PBXGroup;
			children = (
				FC7A3AA225318C6B003AA935 /* LoginViewController.swift */,
			);
			path = login;
			sourceTree = "<group>";
		};
		FC7A3AA625319653003AA935 /* friends */ = {
			isa = PBXGroup;
			children = (
				FC7A3AA42531963E003AA935 /* FriendsViewController.swift */,
			);
			path = friends;
			sourceTree = "<group>";
		};
/* End PBXGroup section */

/* Begin PBXNativeTarget section */
		FC7A3A8825318AD7003AA935 /* Chat App */ = {
			isa = PBXNativeTarget;
			buildConfigurationList = FC7A3A9D25318AD8003AA935 /* Build configuration list for PBXNativeTarget "Chat App" */;
			buildPhases = (
				FC7A3A8525318AD7003AA935 /* Sources */,
				FC7A3A8625318AD7003AA935 /* Frameworks */,
				FC7A3A8725318AD7003AA935 /* Resources */,
			);
			buildRules = (
			);
			dependencies = (
			);
			name = "Chat App";
			productName = "Chat App";
			productReference = FC7A3A8925318AD7003AA935 /* Chat App.app */;
			productType = "com.apple.product-type.application";
		};
/* End PBXNativeTarget section */

/* Begin PBXProject section */
		FC7A3A8125318AD7003AA935 /* Project object */ = {
			isa = PBXProject;
			attributes = {
				LastSwiftUpdateCheck = 1120;
				LastUpgradeCheck = 1120;
				ORGANIZATIONNAME = test;
				TargetAttributes = {
					FC7A3A8825318AD7003AA935 = {
						CreatedOnToolsVersion = 11.2.1;
					};
				};
			};
			buildConfigurationList = FC7A3A8425318AD7003AA935 /* Build configuration list for PBXProject "Chat App" */;
			compatibilityVersion = "Xcode 9.3";
			developmentRegion = en;
			hasScannedForEncodings = 0;
			knownRegions = (
				en,
				Base,
			);
			mainGroup = FC7A3A8025318AD7003AA935;
			productRefGroup = FC7A3A8A25318AD7003AA935 /* Products */;
			projectDirPath = "";
			projectRoot = "";
			targets = (
				FC7A3A8825318AD7003AA935 /* Chat App */,
			);
		};
/* End PBXProject section */

/* Begin PBXResourcesBuildPhase section */
		FC7A3A8725318AD7003AA935 /* Resources */ = {
			isa = PBXResourcesBuildPhase;
			buildActionMask = 2147483647;
			files = (
				FC7A3A9925318AD8003AA935 /* LaunchScreen.storyboard in Resources */,
				FC7A3A9625318AD8003AA935 /* Assets.xcassets in Resources */,
				FC7A3A9425318AD7003AA935 /* Main.storyboard in Resources */,
			);
			runOnlyForDeploymentPostprocessing = 0;
		};
/* End PBXResourcesBuildPhase section */

/* Begin PBXSourcesBuildPhase section */
		FC7A3A8525318AD7003AA935 /* Sources */ = {
			isa = PBXSourcesBuildPhase;
			buildActionMask = 2147483647;
			files = (
				FC7A3AA325318C6B003AA935 /* LoginViewController.swift in Sources */,
				FC4DFFA425336935008297E2 /* UIViewController.swift in Sources */,
				FC7A3AA52531963E003AA935 /* FriendsViewController.swift in Sources */,
				FC7A3A9125318AD7003AA935 /* ViewController.swift in Sources */,
				FC7A3A8D25318AD7003AA935 /* AppDelegate.swift in Sources */,
				FC4DFF9E253362BF008297E2 /* ColorHelper.swift in Sources */,
				FC4DFFA6253376BE008297E2 /* UIRoundedBlueButton.swift in Sources */,
				FC7A3A8F25318AD7003AA935 /* SceneDelegate.swift in Sources */,
				FC4DFFA1253364C6008297E2 /* ChatUITextField.swift in Sources */,
			);
			runOnlyForDeploymentPostprocessing = 0;
		};
/* End PBXSourcesBuildPhase section */

/* Begin PBXVariantGroup section */
		FC7A3A9225318AD7003AA935 /* Main.storyboard */ = {
			isa = PBXVariantGroup;
			children = (
				FC7A3A9325318AD7003AA935 /* Base */,
			);
			name = Main.storyboard;
			sourceTree = "<group>";
		};
		FC7A3A9725318AD8003AA935 /* LaunchScreen.storyboard */ = {
			isa = PBXVariantGroup;
			children = (
				FC7A3A9825318AD8003AA935 /* Base */,
			);
			name = LaunchScreen.storyboard;
			sourceTree = "<group>";
		};
/* End PBXVariantGroup section */

/* Begin XCBuildConfiguration section */
		FC7A3A9B25318AD8003AA935 /* Debug */ = {
			isa = XCBuildConfiguration;
			buildSettings = {
				ALWAYS_SEARCH_USER_PATHS = NO;
				CLANG_ANALYZER_NONNULL = YES;
				CLANG_ANALYZER_NUMBER_OBJECT_CONVERSION = YES_AGGRESSIVE;
				CLANG_CXX_LANGUAGE_STANDARD = "gnu++14";
				CLANG_CXX_LIBRARY = "libc++";
				CLANG_ENABLE_MODULES = YES;
				CLANG_ENABLE_OBJC_ARC = YES;
				CLANG_ENABLE_OBJC_WEAK = YES;
				CLANG_WARN_BLOCK_CAPTURE_AUTORELEASING = YES;
				CLANG_WARN_BOOL_CONVERSION = YES;
				CLANG_WARN_COMMA = YES;
				CLANG_WARN_CONSTANT_CONVERSION = YES;
				CLANG_WARN_DEPRECATED_OBJC_IMPLEMENTATIONS = YES;
				CLANG_WARN_DIRECT_OBJC_ISA_USAGE = YES_ERROR;
				CLANG_WARN_DOCUMENTATION_COMMENTS = YES;
				CLANG_WARN_EMPTY_BODY = YES;
				CLANG_WARN_ENUM_CONVERSION = YES;
				CLANG_WARN_INFINITE_RECURSION = YES;
				CLANG_WARN_INT_CONVERSION = YES;
				CLANG_WARN_NON_LITERAL_NULL_CONVERSION = YES;
				CLANG_WARN_OBJC_IMPLICIT_RETAIN_SELF = YES;
				CLANG_WARN_OBJC_LITERAL_CONVERSION = YES;
				CLANG_WARN_OBJC_ROOT_CLASS = YES_ERROR;
				CLANG_WARN_RANGE_LOOP_ANALYSIS = YES;
				CLANG_WARN_STRICT_PROTOTYPES = YES;
				CLANG_WARN_SUSPICIOUS_MOVE = YES;
				CLANG_WARN_UNGUARDED_AVAILABILITY = YES_AGGRESSIVE;
				CLANG_WARN_UNREACHABLE_CODE = YES;
				CLANG_WARN__DUPLICATE_METHOD_MATCH = YES;
				COPY_PHASE_STRIP = NO;
				DEBUG_INFORMATION_FORMAT = dwarf;
				ENABLE_STRICT_OBJC_MSGSEND = YES;
				ENABLE_TESTABILITY = YES;
				GCC_C_LANGUAGE_STANDARD = gnu11;
				GCC_DYNAMIC_NO_PIC = NO;
				GCC_NO_COMMON_BLOCKS = YES;
				GCC_OPTIMIZATION_LEVEL = 0;
				GCC_PREPROCESSOR_DEFINITIONS = (
					"DEBUG=1",
					"$(inherited)",
				);
				GCC_WARN_64_TO_32_BIT_CONVERSION = YES;
				GCC_WARN_ABOUT_RETURN_TYPE = YES_ERROR;
				GCC_WARN_UNDECLARED_SELECTOR = YES;
				GCC_WARN_UNINITIALIZED_AUTOS = YES_AGGRESSIVE;
				GCC_WARN_UNUSED_FUNCTION = YES;
				GCC_WARN_UNUSED_VARIABLE = YES;
				IPHONEOS_DEPLOYMENT_TARGET = 13.2;
				MTL_ENABLE_DEBUG_INFO = INCLUDE_SOURCE;
				MTL_FAST_MATH = YES;
				ONLY_ACTIVE_ARCH = YES;
				SDKROOT = iphoneos;
				SWIFT_ACTIVE_COMPILATION_CONDITIONS = DEBUG;
				SWIFT_OPTIMIZATION_LEVEL = "-Onone";
			};
			name = Debug;
		};
		FC7A3A9C25318AD8003AA935 /* Release */ = {
			isa = XCBuildConfiguration;
			buildSettings = {
				ALWAYS_SEARCH_USER_PATHS = NO;
				CLANG_ANALYZER_NONNULL = YES;
				CLANG_ANALYZER_NUMBER_OBJECT_CONVERSION = YES_AGGRESSIVE;
				CLANG_CXX_LANGUAGE_STANDARD = "gnu++14";
				CLANG_CXX_LIBRARY = "libc++";
				CLANG_ENABLE_MODULES = YES;
				CLANG_ENABLE_OBJC_ARC = YES;
				CLANG_ENABLE_OBJC_WEAK = YES;
				CLANG_WARN_BLOCK_CAPTURE_AUTORELEASING = YES;
				CLANG_WARN_BOOL_CONVERSION = YES;
				CLANG_WARN_COMMA = YES;
				CLANG_WARN_CONSTANT_CONVERSION = YES;
				CLANG_WARN_DEPRECATED_OBJC_IMPLEMENTATIONS = YES;
				CLANG_WARN_DIRECT_OBJC_ISA_USAGE = YES_ERROR;
				CLANG_WARN_DOCUMENTATION_COMMENTS = YES;
				CLANG_WARN_EMPTY_BODY = YES;
				CLANG_WARN_ENUM_CONVERSION = YES;
				CLANG_WARN_INFINITE_RECURSION = YES;
				CLANG_WARN_INT_CONVERSION = YES;
				CLANG_WARN_NON_LITERAL_NULL_CONVERSION = YES;
				CLANG_WARN_OBJC_IMPLICIT_RETAIN_SELF = YES;
				CLANG_WARN_OBJC_LITERAL_CONVERSION = YES;
				CLANG_WARN_OBJC_ROOT_CLASS = YES_ERROR;
				CLANG_WARN_RANGE_LOOP_ANALYSIS = YES;
				CLANG_WARN_STRICT_PROTOTYPES = YES;
				CLANG_WARN_SUSPICIOUS_MOVE = YES;
				CLANG_WARN_UNGUARDED_AVAILABILITY = YES_AGGRESSIVE;
				CLANG_WARN_UNREACHABLE_CODE = YES;
				CLANG_WARN__DUPLICATE_METHOD_MATCH = YES;
				COPY_PHASE_STRIP = NO;
				DEBUG_INFORMATION_FORMAT = "dwarf-with-dsym";
				ENABLE_NS_ASSERTIONS = NO;
				ENABLE_STRICT_OBJC_MSGSEND = YES;
				GCC_C_LANGUAGE_STANDARD = gnu11;
				GCC_NO_COMMON_BLOCKS = YES;
				GCC_WARN_64_TO_32_BIT_CONVERSION = YES;
				GCC_WARN_ABOUT_RETURN_TYPE = YES_ERROR;
				GCC_WARN_UNDECLARED_SELECTOR = YES;
				GCC_WARN_UNINITIALIZED_AUTOS = YES_AGGRESSIVE;
				GCC_WARN_UNUSED_FUNCTION = YES;
				GCC_WARN_UNUSED_VARIABLE = YES;
				IPHONEOS_DEPLOYMENT_TARGET = 13.2;
				MTL_ENABLE_DEBUG_INFO = NO;
				MTL_FAST_MATH = YES;
				SDKROOT = iphoneos;
				SWIFT_COMPILATION_MODE = wholemodule;
				SWIFT_OPTIMIZATION_LEVEL = "-O";
				VALIDATE_PRODUCT = YES;
			};
			name = Release;
		};
		FC7A3A9E25318AD8003AA935 /* Debug */ = {
			isa = XCBuildConfiguration;
			buildSettings = {
				ASSETCATALOG_COMPILER_APPICON_NAME = AppIcon;
				CODE_SIGN_STYLE = Automatic;
				INFOPLIST_FILE = "Chat App/Info.plist";
				LD_RUNPATH_SEARCH_PATHS = (
					"$(inherited)",
					"@executable_path/Frameworks",
				);
				PRODUCT_BUNDLE_IDENTIFIER = "co.za.dstv.Chat-App";
				PRODUCT_NAME = "$(TARGET_NAME)";
				SWIFT_VERSION = 5.0;
				TARGETED_DEVICE_FAMILY = "1,2";
			};
			name = Debug;
		};
		FC7A3A9F25318AD8003AA935 /* Release */ = {
			isa = XCBuildConfiguration;
			buildSettings = {
				ASSETCATALOG_COMPILER_APPICON_NAME = AppIcon;
				CODE_SIGN_STYLE = Automatic;
				INFOPLIST_FILE = "Chat App/Info.plist";
				LD_RUNPATH_SEARCH_PATHS = (
					"$(inherited)",
					"@executable_path/Frameworks",
				);
				PRODUCT_BUNDLE_IDENTIFIER = "co.za.dstv.Chat-App";
				PRODUCT_NAME = "$(TARGET_NAME)";
				SWIFT_VERSION = 5.0;
				TARGETED_DEVICE_FAMILY = "1,2";
			};
			name = Release;
		};
/* End XCBuildConfiguration section */

/* Begin XCConfigurationList section */
		FC7A3A8425318AD7003AA935 /* Build configuration list for PBXProject "Chat App" */ = {
			isa = XCConfigurationList;
			buildConfigurations = (
				FC7A3A9B25318AD8003AA935 /* Debug */,
				FC7A3A9C25318AD8003AA935 /* Release */,
			);
			defaultConfigurationIsVisible = 0;
			defaultConfigurationName = Release;
		};
		FC7A3A9D25318AD8003AA935 /* Build configuration list for PBXNativeTarget "Chat App" */ = {
			isa = XCConfigurationList;
			buildConfigurations = (
				FC7A3A9E25318AD8003AA935 /* Debug */,
				FC7A3A9F25318AD8003AA935 /* Release */,
			);
			defaultConfigurationIsVisible = 0;
			defaultConfigurationName = Release;
		};
/* End XCConfigurationList section */
	};
	rootObject = FC7A3A8125318AD7003AA935 /* Project object */;
}
